
Microsoft Visual Studio Solution File, Format Version 12.00
# Visual Studio Version 17
VisualStudioVersion = 17.6.33723.286
MinimumVisualStudioVersion = 10.0.40219.1
Project("{FAE04EC0-301F-11D3-BF4B-00C04F79EFBC}") = "Api.Core", "Api.Core.csproj", "{C52244AC-1DD0-402F-AE42-5362E4B402DB}"
EndProject
Project("{FAE04EC0-301F-11D3-BF4B-00C04F79EFBC}") = "Api.Test", "..\Api.Test\Api.Test.csproj", "{A57D9B40-15F8-4201-BC84-63B416E25150}"
EndProject
Global
	GlobalSection(SolutionConfigurationPlatforms) = preSolution
		Debug|Any CPU = Debug|Any CPU
		Release|Any CPU = Release|Any CPU
	EndGlobalSection
	GlobalSection(ProjectConfigurationPlatforms) = postSolution
		{C52244AC-1DD0-402F-AE42-5362E4B402DB}.Debug|Any CPU.ActiveCfg = Debug|Any CPU
		{C52244AC-1DD0-402F-AE42-5362E4B402DB}.Debug|Any CPU.Build.0 = Debug|Any CPU
		{C52244AC-1DD0-402F-AE42-5362E4B402DB}.Release|Any CPU.ActiveCfg = Release|Any CPU
		{C52244AC-1DD0-402F-AE42-5362E4B402DB}.Release|Any CPU.Build.0 = Release|Any CPU
		{A57D9B40-15F8-4201-BC84-63B416E25150}.Debug|Any CPU.ActiveCfg = Debug|Any CPU
		{A57D9B40-15F8-4201-BC84-63B416E25150}.Debug|Any CPU.Build.0 = Debug|Any CPU
		{A57D9B40-15F8-4201-BC84-63B416E25150}.Release|Any CPU.ActiveCfg = Release|Any CPU
		{A57D9B40-15F8-4201-BC84-63B416E25150}.Release|Any CPU.Build.0 = Release|Any CPU
	EndGlobalSection
	GlobalSection(SolutionProperties) = preSolution
		HideSolutionNode = FALSE
	EndGlobalSection
	GlobalSection(ExtensibilityGlobals) = postSolution
		SolutionGuid = {1CDD983C-2D40-4B41-8AFD-F3492DD11697}
	EndGlobalSection
EndGlobal
